# This file is automatically @generated by pesde.
# It is not intended for manual editing.
format = 2
name = "qwreey/quad"
version = "0.0.0"
target = "roblox"

[workspace."qwreey/quad_base"]
roblox = "quad-base"

[workspace."qwreey/quad_error"]
luau = "quad-error"

[workspace."qwreey/quad_roblox"]
roblox = "quad-roblox"

[workspace."qwreey/quad_types"]
roblox = "quad-types"

[workspace."qwreey/type_version_check"]
luau = "type-version-check"
