# This file is automatically @generated by pesde.
# It is not intended for manual editing.
format = 2
name = "qwreey/quad_types"
version = "0.0.0"
target = "luau"

[graph."qwreey/quad_error@0.0.0 luau"]
direct = ["quad_error", { workspace = "qwreey/quad_error", version = "^" }, "standard"]

[graph."qwreey/quad_error@0.0.0 luau".pkg_ref]
ref_ty = "workspace"
path = "quad-error"

[graph."qwreey/type_version_check@0.0.0 luau"]
direct = ["type_version_check", { workspace = "qwreey/type_version_check", version = "^" }, "standard"]

[graph."qwreey/type_version_check@0.0.0 luau".pkg_ref]
ref_ty = "workspace"
path = "type-version-check"
